
Microsoft Visual Studio Solution File, Format Version 12.00
# Visual Studio Version 17
VisualStudioVersion = 17.8.34316.72
MinimumVisualStudioVersion = 10.0.40219.1
Project("{FAE04EC0-301F-11D3-BF4B-00C04F79EFBC}") = "VizyoneksCase.EntityLayer", "VizyoneksCase.EntityLayer\VizyoneksCase.EntityLayer.csproj", "{8C6567E3-5B2A-405F-9899-FBC50814FC9B}"
EndProject
Project("{FAE04EC0-301F-11D3-BF4B-00C04F79EFBC}") = "VizyoneksCase.DataAccesLayer", "VizyoneksCase.DataAccesLayer\VizyoneksCase.DataAccesLayer.csproj", "{19615722-F84F-4174-97B4-5A3B05118FED}"
EndProject
Project("{FAE04EC0-301F-11D3-BF4B-00C04F79EFBC}") = "VizyoneksCase.BusinessLayer", "VizyoneksCase.BusinessLayer\VizyoneksCase.BusinessLayer.csproj", "{4DDA2713-3DC4-4956-A600-4CDBEEF147B1}"
EndProject
Project("{FAE04EC0-301F-11D3-BF4B-00C04F79EFBC}") = "VizyoneksCase.DtoLayer", "VizyoneksCase.DtoLayer\VizyoneksCase.DtoLayer.csproj", "{DBDD0A32-8CAB-421E-9479-5D028EC1F188}"
EndProject
Project("{FAE04EC0-301F-11D3-BF4B-00C04F79EFBC}") = "VizyoneksCase.PresentationLayer", "VizyoneksCase.PresentationLayer\VizyoneksCase.PresentationLayer.csproj", "{FDE655CE-0F5F-4732-9B29-C31B9E384705}"
EndProject
Global
	GlobalSection(SolutionConfigurationPlatforms) = preSolution
		Debug|Any CPU = Debug|Any CPU
		Release|Any CPU = Release|Any CPU
	EndGlobalSection
	GlobalSection(ProjectConfigurationPlatforms) = postSolution
		{8C6567E3-5B2A-405F-9899-FBC50814FC9B}.Debug|Any CPU.ActiveCfg = Debug|Any CPU
		{8C6567E3-5B2A-405F-9899-FBC50814FC9B}.Debug|Any CPU.Build.0 = Debug|Any CPU
		{8C6567E3-5B2A-405F-9899-FBC50814FC9B}.Release|Any CPU.ActiveCfg = Release|Any CPU
		{8C6567E3-5B2A-405F-9899-FBC50814FC9B}.Release|Any CPU.Build.0 = Release|Any CPU
		{19615722-F84F-4174-97B4-5A3B05118FED}.Debug|Any CPU.ActiveCfg = Debug|Any CPU
		{19615722-F84F-4174-97B4-5A3B05118FED}.Debug|Any CPU.Build.0 = Debug|Any CPU
		{19615722-F84F-4174-97B4-5A3B05118FED}.Release|Any CPU.ActiveCfg = Release|Any CPU
		{19615722-F84F-4174-97B4-5A3B05118FED}.Release|Any CPU.Build.0 = Release|Any CPU
		{4DDA2713-3DC4-4956-A600-4CDBEEF147B1}.Debug|Any CPU.ActiveCfg = Debug|Any CPU
		{4DDA2713-3DC4-4956-A600-4CDBEEF147B1}.Debug|Any CPU.Build.0 = Debug|Any CPU
		{4DDA2713-3DC4-4956-A600-4CDBEEF147B1}.Release|Any CPU.ActiveCfg = Release|Any CPU
		{4DDA2713-3DC4-4956-A600-4CDBEEF147B1}.Release|Any CPU.Build.0 = Release|Any CPU
		{DBDD0A32-8CAB-421E-9479-5D028EC1F188}.Debug|Any CPU.ActiveCfg = Debug|Any CPU
		{DBDD0A32-8CAB-421E-9479-5D028EC1F188}.Debug|Any CPU.Build.0 = Debug|Any CPU
		{DBDD0A32-8CAB-421E-9479-5D028EC1F188}.Release|Any CPU.ActiveCfg = Release|Any CPU
		{DBDD0A32-8CAB-421E-9479-5D028EC1F188}.Release|Any CPU.Build.0 = Release|Any CPU
		{FDE655CE-0F5F-4732-9B29-C31B9E384705}.Debug|Any CPU.ActiveCfg = Debug|Any CPU
		{FDE655CE-0F5F-4732-9B29-C31B9E384705}.Debug|Any CPU.Build.0 = Debug|Any CPU
		{FDE655CE-0F5F-4732-9B29-C31B9E384705}.Release|Any CPU.ActiveCfg = Release|Any CPU
		{FDE655CE-0F5F-4732-9B29-C31B9E384705}.Release|Any CPU.Build.0 = Release|Any CPU
	EndGlobalSection
	GlobalSection(SolutionProperties) = preSolution
		HideSolutionNode = FALSE
	EndGlobalSection
	GlobalSection(ExtensibilityGlobals) = postSolution
		SolutionGuid = {5DE05025-9189-444B-8900-FC06A923C31A}
	EndGlobalSection
EndGlobal
